
Microsoft Visual Studio Solution File, Format Version 12.00
# Visual Studio 15
VisualStudioVersion = 15.0.27004.2009
MinimumVisualStudioVersion = 10.0.40219.1
Project("{FAE04EC0-301F-11D3-BF4B-00C04F79EFBC}") = "PriceQuotation", "PriceQuotation\PriceQuotation.csproj", "{2F70B747-48AF-4E2C-BEF6-D74406F0F46D}"
EndProject
Global
	GlobalSection(SolutionConfigurationPlatforms) = preSolution
		Debug|Any CPU = Debug|Any CPU
		Release|Any CPU = Release|Any CPU
	EndGlobalSection
	GlobalSection(ProjectConfigurationPlatforms) = postSolution
		{2F70B747-48AF-4E2C-BEF6-D74406F0F46D}.Debug|Any CPU.ActiveCfg = Debug|Any CPU
		{2F70B747-48AF-4E2C-BEF6-D74406F0F46D}.Debug|Any CPU.Build.0 = Debug|Any CPU
		{2F70B747-48AF-4E2C-BEF6-D74406F0F46D}.Release|Any CPU.ActiveCfg = Release|Any CPU
		{2F70B747-48AF-4E2C-BEF6-D74406F0F46D}.Release|Any CPU.Build.0 = Release|Any CPU
	EndGlobalSection
	GlobalSection(SolutionProperties) = preSolution
		HideSolutionNode = FALSE
	EndGlobalSection
	GlobalSection(ExtensibilityGlobals) = postSolution
		SolutionGuid = {AEEEA544-7A4A-4149-BD0E-6936BC5121A5}
	EndGlobalSection
EndGlobal
